{
  "name": "test",
  "lockfileVersion": 3,
  "requires": true,
  "packages": {
    "": {
      "dependencies": {
        "is-odd": "^3.0.1",
        "ms003-password-validation": "^1.0.0"
      }
    },
    "node_modules/is-number": {
      "version": "6.0.0",
      "resolved": "https://registry.npmjs.org/is-number/-/is-number-6.0.0.tgz",
      "integrity": "sha512-Wu1VHeILBK8KAWJUAiSZQX94GmOE45Rg6/538fKwiloUu21KncEkYGPqob2oSZ5mUT73vLGrHQjKw3KMPwfDzg==",
      "engines": {
        "node": ">=0.10.0"
      }
    },
    "node_modules/is-odd": {
      "version": "3.0.1",
      "resolved": "https://registry.npmjs.org/is-odd/-/is-odd-3.0.1.tgz",
      "integrity": "sha512-CQpnWPrDwmP1+SMHXZhtLtJv90yiyVfluGsX5iNCVkrhQtU3TQHsUWPG9wkdk9Lgd5yNpAg9jQEo90CBaXgWMA==",
      "dependencies": {
        "is-number": "^6.0.0"
      },
      "engines": {
        "node": ">=4"
      }
    },
    "node_modules/ms003-password-validation": {
      "version": "1.0.0",
      "resolved": "https://registry.npmjs.org/ms003-password-validation/-/ms003-password-validation-1.0.0.tgz",
      "integrity": "sha512-uGxbs1O7UQ9c4UyFfiMeOtdG5Sy0j+8oXa0MtjASYZXZrL2VTTLVQLXrGeL4AkfJ3Vs2FBUr49UdHinU6s8JZQ=="
    }
  }
}
